
Microsoft Visual Studio Solution File, Format Version 12.00
# Visual Studio Version 16
VisualStudioVersion = 16.0.31112.23
MinimumVisualStudioVersion = 10.0.40219.1
Project("{9A19103F-16F7-4668-BE54-9A1E7A4F7556}") = "ML_Chapter_2", "ML_Chapter_2\ML_Chapter_2.csproj", "{FE330786-D985-43F7-A5B8-782776779F30}"
EndProject
Project("{2150E333-8FDC-42A3-9474-1A3956D46DE8}") = "Solution Items", "Solution Items", "{55028FAE-19AE-4CC6-A4FE-3D8572CB783F}"
	ProjectSection(SolutionItems) = preProject
		Notes.txt = Notes.txt
		..\..\..\OneDrive\Pictures\Screenshots\Screenshot 2021-12-12 135716.png = ..\..\..\OneDrive\Pictures\Screenshots\Screenshot 2021-12-12 135716.png
	EndProjectSection
EndProject
Project("{9A19103F-16F7-4668-BE54-9A1E7A4F7556}") = "LogisticRegression", "LogisticRegression\LogisticRegression.csproj", "{9DB18095-EAF2-473E-B498-CAD950709161}"
EndProject
Project("{9A19103F-16F7-4668-BE54-9A1E7A4F7556}") = "Chapter_4_classification", "4_classification\Chapter_4_classification.csproj", "{7DC3CD1B-7CB9-4C38-B07F-1A76B68CB373}"
EndProject
Project("{FAE04EC0-301F-11D3-BF4B-00C04F79EFBC}") = "Chapter_4_multiclass_classification", "Chapter_4_multiclass_classification\Chapter_4_multiclass_classification.csproj", "{88ABE7D7-DFD9-4BA9-8073-CFA4DC13CD50}"
EndProject
Project("{FAE04EC0-301F-11D3-BF4B-00C04F79EFBC}") = "Chapter_7_MatrixFactorization", "Chapter_7_MatrixFactorization\Chapter_7_MatrixFactorization.csproj", "{7026232F-F1C9-40B1-9A42-A7EFCA63BADB}"
EndProject
Global
	GlobalSection(SolutionConfigurationPlatforms) = preSolution
		Debug|Any CPU = Debug|Any CPU
		Release|Any CPU = Release|Any CPU
	EndGlobalSection
	GlobalSection(ProjectConfigurationPlatforms) = postSolution
		{FE330786-D985-43F7-A5B8-782776779F30}.Debug|Any CPU.ActiveCfg = Debug|Any CPU
		{FE330786-D985-43F7-A5B8-782776779F30}.Debug|Any CPU.Build.0 = Debug|Any CPU
		{FE330786-D985-43F7-A5B8-782776779F30}.Release|Any CPU.ActiveCfg = Release|Any CPU
		{FE330786-D985-43F7-A5B8-782776779F30}.Release|Any CPU.Build.0 = Release|Any CPU
		{9DB18095-EAF2-473E-B498-CAD950709161}.Debug|Any CPU.ActiveCfg = Debug|Any CPU
		{9DB18095-EAF2-473E-B498-CAD950709161}.Debug|Any CPU.Build.0 = Debug|Any CPU
		{9DB18095-EAF2-473E-B498-CAD950709161}.Release|Any CPU.ActiveCfg = Release|Any CPU
		{9DB18095-EAF2-473E-B498-CAD950709161}.Release|Any CPU.Build.0 = Release|Any CPU
		{7DC3CD1B-7CB9-4C38-B07F-1A76B68CB373}.Debug|Any CPU.ActiveCfg = Debug|Any CPU
		{7DC3CD1B-7CB9-4C38-B07F-1A76B68CB373}.Debug|Any CPU.Build.0 = Debug|Any CPU
		{7DC3CD1B-7CB9-4C38-B07F-1A76B68CB373}.Release|Any CPU.ActiveCfg = Release|Any CPU
		{7DC3CD1B-7CB9-4C38-B07F-1A76B68CB373}.Release|Any CPU.Build.0 = Release|Any CPU
		{88ABE7D7-DFD9-4BA9-8073-CFA4DC13CD50}.Debug|Any CPU.ActiveCfg = Debug|Any CPU
		{88ABE7D7-DFD9-4BA9-8073-CFA4DC13CD50}.Debug|Any CPU.Build.0 = Debug|Any CPU
		{88ABE7D7-DFD9-4BA9-8073-CFA4DC13CD50}.Release|Any CPU.ActiveCfg = Release|Any CPU
		{88ABE7D7-DFD9-4BA9-8073-CFA4DC13CD50}.Release|Any CPU.Build.0 = Release|Any CPU
		{7026232F-F1C9-40B1-9A42-A7EFCA63BADB}.Debug|Any CPU.ActiveCfg = Debug|Any CPU
		{7026232F-F1C9-40B1-9A42-A7EFCA63BADB}.Debug|Any CPU.Build.0 = Debug|Any CPU
		{7026232F-F1C9-40B1-9A42-A7EFCA63BADB}.Release|Any CPU.ActiveCfg = Release|Any CPU
		{7026232F-F1C9-40B1-9A42-A7EFCA63BADB}.Release|Any CPU.Build.0 = Release|Any CPU
	EndGlobalSection
	GlobalSection(SolutionProperties) = preSolution
		HideSolutionNode = FALSE
	EndGlobalSection
	GlobalSection(ExtensibilityGlobals) = postSolution
		SolutionGuid = {E584B3C8-9052-4FFF-96F4-D8020404CC04}
	EndGlobalSection
EndGlobal
